Microsoft Visual Studio Solution File, Format Version 12.00
# Visual Studio Version 17
VisualStudioVersion = 17.5.2.0
MinimumVisualStudioVersion = 10.0.40219.1
Project("{2150E333-8FDC-42A3-9474-1A3956D46DE8}") = "Back", "Back", "{11BF4459-C332-B9BD-164A-F44681F2EC0B}"
EndProject
Project("{FAE04EC0-301F-11D3-BF4B-00C04F79EFBC}") = "StudioBooking.Api", "Back\StudioBooking.Api\StudioBooking.Api.csproj", "{094F4F5B-13B4-537C-3E20-A4AD0E94B53A}"
EndProject
Global
	GlobalSection(SolutionConfigurationPlatforms) = preSolution
		Debug|Any CPU = Debug|Any CPU
		Release|Any CPU = Release|Any CPU
	EndGlobalSection
	GlobalSection(ProjectConfigurationPlatforms) = postSolution
		{094F4F5B-13B4-537C-3E20-A4AD0E94B53A}.Debug|Any CPU.ActiveCfg = Debug|Any CPU
		{094F4F5B-13B4-537C-3E20-A4AD0E94B53A}.Debug|Any CPU.Build.0 = Debug|Any CPU
		{094F4F5B-13B4-537C-3E20-A4AD0E94B53A}.Release|Any CPU.ActiveCfg = Release|Any CPU
		{094F4F5B-13B4-537C-3E20-A4AD0E94B53A}.Release|Any CPU.Build.0 = Release|Any CPU
	EndGlobalSection
	GlobalSection(SolutionProperties) = preSolution
		HideSolutionNode = FALSE
	EndGlobalSection
	GlobalSection(NestedProjects) = preSolution
		{094F4F5B-13B4-537C-3E20-A4AD0E94B53A} = {11BF4459-C332-B9BD-164A-F44681F2EC0B}
	EndGlobalSection
	GlobalSection(ExtensibilityGlobals) = postSolution
		SolutionGuid = {F5DA0C32-B3AE-46DB-AF94-02B7411FA415}
	EndGlobalSection
EndGlobal
